Microsoft Visual Studio Solution File, Format Version 12.00
# Visual Studio Version 17
VisualStudioVersion = 17.0.31903.59
MinimumVisualStudioVersion = 10.0.40219.1
Project("{2150E333-8FDC-42A3-9474-1A3956D46DE8}") = "src", "src", "{34D61E78-8C73-5320-8E9D-66571DD05681}"
EndProject
Project("{2150E333-8FDC-42A3-9474-1A3956D46DE8}") = "tests", "tests", "{6680480A-6991-59BE-B5B7-2EA328F05698}"
EndProject
Project("{9A19103F-16F7-4668-BE54-9A1E7A4F7556}") = "Pinqponq.Auth.Sso.Abstractions", "src\Pinqponq.Auth.Sso.Abstractions\Pinqponq.Auth.Sso.Abstractions.csproj", "{E9B24481-43F3-5CC8-B6F4-E4F6AEF18228}"
EndProject
Project("{9A19103F-16F7-4668-BE54-9A1E7A4F7556}") = "Pinqponq.Auth.Sso.Google", "src\Pinqponq.Auth.Sso.Google\Pinqponq.Auth.Sso.Google.csproj", "{183B6DDB-60E2-56D2-8DE2-B82A4AF193C3}"
EndProject
Project("{9A19103F-16F7-4668-BE54-9A1E7A4F7556}") = "Pinqponq.Auth.Totp", "src\Pinqponq.Auth.Totp\Pinqponq.Auth.Totp.csproj", "{157A9D88-77B0-5EF7-BE97-510ACD737157}"
EndProject
Project("{9A19103F-16F7-4668-BE54-9A1E7A4F7556}") = "Pinqponq.Cache", "src\Pinqponq.Cache\Pinqponq.Cache.csproj", "{C897D34C-D920-51D0-8273-E0867CCD47C3}"
EndProject
Project("{9A19103F-16F7-4668-BE54-9A1E7A4F7556}") = "Pinqponq.Database.Mongo", "src\Pinqponq.Database.Mongo\Pinqponq.Database.Mongo.csproj", "{02661FA0-B3EF-5AFC-A255-5184CE66FAA3}"
EndProject
Project("{9A19103F-16F7-4668-BE54-9A1E7A4F7556}") = "Pinqponq.Database.Mssql", "src\Pinqponq.Database.Mssql\Pinqponq.Database.Mssql.csproj", "{EF456D2F-AE71-5DB5-AE59-C5B6F2E2B362}"
EndProject
Project("{9A19103F-16F7-4668-BE54-9A1E7A4F7556}") = "Pinqponq.Database.Postgres", "src\Pinqponq.Database.Postgres\Pinqponq.Database.Postgres.csproj", "{D399F282-13A9-50CB-A576-7B31A8712F06}"
EndProject
Project("{9A19103F-16F7-4668-BE54-9A1E7A4F7556}") = "Pinqponq.ErrorHandling", "src\Pinqponq.ErrorHandling\Pinqponq.ErrorHandling.csproj", "{84583B62-B685-5D38-831C-2FBF6FDCD294}"
EndProject
Project("{9A19103F-16F7-4668-BE54-9A1E7A4F7556}") = "Pinqponq.Identity.Otp", "src\Pinqponq.Identity.Otp\Pinqponq.Identity.Otp.csproj", "{AEF68BAD-6068-503A-A03C-5A248D54FBFA}"
EndProject
Project("{9A19103F-16F7-4668-BE54-9A1E7A4F7556}") = "Pinqponq.Identity", "src\Pinqponq.Identity\Pinqponq.Identity.csproj", "{0ADCA506-B328-5DB0-924F-911F26747508}"
EndProject
Project("{9A19103F-16F7-4668-BE54-9A1E7A4F7556}") = "Pinqponq.Mail", "src\Pinqponq.Mail\Pinqponq.Mail.csproj", "{4D30A76E-819D-5C2C-B920-D914EB423E43}"
EndProject
Project("{9A19103F-16F7-4668-BE54-9A1E7A4F7556}") = "Pinqponq.Messaging.RabbitMq", "src\Pinqponq.Messaging.RabbitMq\Pinqponq.Messaging.RabbitMq.csproj", "{3BB3E331-2176-55F3-96D9-00757D6DDCF0}"
EndProject
Project("{9A19103F-16F7-4668-BE54-9A1E7A4F7556}") = "Pinqponq.Sms", "src\Pinqponq.Sms\Pinqponq.Sms.csproj", "{A3C487A8-DAF7-534C-A823-62609224E15B}"
EndProject
Project("{9A19103F-16F7-4668-BE54-9A1E7A4F7556}") = "Pinqponq.Auth.Totp.Tests", "tests\Pinqponq.Auth.Totp.Tests\Pinqponq.Auth.Totp.Tests.csproj", "{FC93D56B-B7A5-5FB4-B78D-A6CAA40372AF}"
EndProject
Project("{9A19103F-16F7-4668-BE54-9A1E7A4F7556}") = "Pinqponq.Identity.Otp.Tests", "tests\Pinqponq.Identity.Otp.Tests\Pinqponq.Identity.Otp.Tests.csproj", "{379D517B-1C57-55A8-858E-3D80EF0BE71E}"
EndProject
Project("{9A19103F-16F7-4668-BE54-9A1E7A4F7556}") = "Pinqponq.Identity.Tests", "tests\Pinqponq.Identity.Tests\Pinqponq.Identity.Tests.csproj", "{9B036CAE-8E4D-538E-88CC-7A593F8F9438}"
EndProject
Global
	GlobalSection(SolutionConfigurationPlatforms) = preSolution
		Debug|Any CPU = Debug|Any CPU
		Release|Any CPU = Release|Any CPU
	EndGlobalSection
	GlobalSection(ProjectConfigurationPlatforms) = postSolution
		{E9B24481-43F3-5CC8-B6F4-E4F6AEF18228}.Debug|Any CPU.ActiveCfg = Debug|Any CPU
		{E9B24481-43F3-5CC8-B6F4-E4F6AEF18228}.Debug|Any CPU.Build.0 = Debug|Any CPU
		{E9B24481-43F3-5CC8-B6F4-E4F6AEF18228}.Release|Any CPU.ActiveCfg = Release|Any CPU
		{E9B24481-43F3-5CC8-B6F4-E4F6AEF18228}.Release|Any CPU.Build.0 = Release|Any CPU
		{183B6DDB-60E2-56D2-8DE2-B82A4AF193C3}.Debug|Any CPU.ActiveCfg = Debug|Any CPU
		{183B6DDB-60E2-56D2-8DE2-B82A4AF193C3}.Debug|Any CPU.Build.0 = Debug|Any CPU
		{183B6DDB-60E2-56D2-8DE2-B82A4AF193C3}.Release|Any CPU.ActiveCfg = Release|Any CPU
		{183B6DDB-60E2-56D2-8DE2-B82A4AF193C3}.Release|Any CPU.Build.0 = Release|Any CPU
		{157A9D88-77B0-5EF7-BE97-510ACD737157}.Debug|Any CPU.ActiveCfg = Debug|Any CPU
		{157A9D88-77B0-5EF7-BE97-510ACD737157}.Debug|Any CPU.Build.0 = Debug|Any CPU
		{157A9D88-77B0-5EF7-BE97-510ACD737157}.Release|Any CPU.ActiveCfg = Release|Any CPU
		{157A9D88-77B0-5EF7-BE97-510ACD737157}.Release|Any CPU.Build.0 = Release|Any CPU
		{C897D34C-D920-51D0-8273-E0867CCD47C3}.Debug|Any CPU.ActiveCfg = Debug|Any CPU
		{C897D34C-D920-51D0-8273-E0867CCD47C3}.Debug|Any CPU.Build.0 = Debug|Any CPU
		{C897D34C-D920-51D0-8273-E0867CCD47C3}.Release|Any CPU.ActiveCfg = Release|Any CPU
		{C897D34C-D920-51D0-8273-E0867CCD47C3}.Release|Any CPU.Build.0 = Release|Any CPU
		{02661FA0-B3EF-5AFC-A255-5184CE66FAA3}.Debug|Any CPU.ActiveCfg = Debug|Any CPU
		{02661FA0-B3EF-5AFC-A255-5184CE66FAA3}.Debug|Any CPU.Build.0 = Debug|Any CPU
		{02661FA0-B3EF-5AFC-A255-5184CE66FAA3}.Release|Any CPU.ActiveCfg = Release|Any CPU
		{02661FA0-B3EF-5AFC-A255-5184CE66FAA3}.Release|Any CPU.Build.0 = Release|Any CPU
		{EF456D2F-AE71-5DB5-AE59-C5B6F2E2B362}.Debug|Any CPU.ActiveCfg = Debug|Any CPU
		{EF456D2F-AE71-5DB5-AE59-C5B6F2E2B362}.Debug|Any CPU.Build.0 = Debug|Any CPU
		{EF456D2F-AE71-5DB5-AE59-C5B6F2E2B362}.Release|Any CPU.ActiveCfg = Release|Any CPU
		{EF456D2F-AE71-5DB5-AE59-C5B6F2E2B362}.Release|Any CPU.Build.0 = Release|Any CPU
		{D399F282-13A9-50CB-A576-7B31A8712F06}.Debug|Any CPU.ActiveCfg = Debug|Any CPU
		{D399F282-13A9-50CB-A576-7B31A8712F06}.Debug|Any CPU.Build.0 = Debug|Any CPU
		{D399F282-13A9-50CB-A576-7B31A8712F06}.Release|Any CPU.ActiveCfg = Release|Any CPU
		{D399F282-13A9-50CB-A576-7B31A8712F06}.Release|Any CPU.Build.0 = Release|Any CPU
		{84583B62-B685-5D38-831C-2FBF6FDCD294}.Debug|Any CPU.ActiveCfg = Debug|Any CPU
		{84583B62-B685-5D38-831C-2FBF6FDCD294}.Debug|Any CPU.Build.0 = Debug|Any CPU
		{84583B62-B685-5D38-831C-2FBF6FDCD294}.Release|Any CPU.ActiveCfg = Release|Any CPU
		{84583B62-B685-5D38-831C-2FBF6FDCD294}.Release|Any CPU.Build.0 = Release|Any CPU
		{AEF68BAD-6068-503A-A03C-5A248D54FBFA}.Debug|Any CPU.ActiveCfg = Debug|Any CPU
		{AEF68BAD-6068-503A-A03C-5A248D54FBFA}.Debug|Any CPU.Build.0 = Debug|Any CPU
		{AEF68BAD-6068-503A-A03C-5A248D54FBFA}.Release|Any CPU.ActiveCfg = Release|Any CPU
		{AEF68BAD-6068-503A-A03C-5A248D54FBFA}.Release|Any CPU.Build.0 = Release|Any CPU
		{0ADCA506-B328-5DB0-924F-911F26747508}.Debug|Any CPU.ActiveCfg = Debug|Any CPU
		{0ADCA506-B328-5DB0-924F-911F26747508}.Debug|Any CPU.Build.0 = Debug|Any CPU
		{0ADCA506-B328-5DB0-924F-911F26747508}.Release|Any CPU.ActiveCfg = Release|Any CPU
		{0ADCA506-B328-5DB0-924F-911F26747508}.Release|Any CPU.Build.0 = Release|Any CPU
		{4D30A76E-819D-5C2C-B920-D914EB423E43}.Debug|Any CPU.ActiveCfg = Debug|Any CPU
		{4D30A76E-819D-5C2C-B920-D914EB423E43}.Debug|Any CPU.Build.0 = Debug|Any CPU
		{4D30A76E-819D-5C2C-B920-D914EB423E43}.Release|Any CPU.ActiveCfg = Release|Any CPU
		{4D30A76E-819D-5C2C-B920-D914EB423E43}.Release|Any CPU.Build.0 = Release|Any CPU
		{3BB3E331-2176-55F3-96D9-00757D6DDCF0}.Debug|Any CPU.ActiveCfg = Debug|Any CPU
		{3BB3E331-2176-55F3-96D9-00757D6DDCF0}.Debug|Any CPU.Build.0 = Debug|Any CPU
		{3BB3E331-2176-55F3-96D9-00757D6DDCF0}.Release|Any CPU.ActiveCfg = Release|Any CPU
		{3BB3E331-2176-55F3-96D9-00757D6DDCF0}.Release|Any CPU.Build.0 = Release|Any CPU
		{A3C487A8-DAF7-534C-A823-62609224E15B}.Debug|Any CPU.ActiveCfg = Debug|Any CPU
		{A3C487A8-DAF7-534C-A823-62609224E15B}.Debug|Any CPU.Build.0 = Debug|Any CPU
		{A3C487A8-DAF7-534C-A823-62609224E15B}.Release|Any CPU.ActiveCfg = Release|Any CPU
		{A3C487A8-DAF7-534C-A823-62609224E15B}.Release|Any CPU.Build.0 = Release|Any CPU
		{FC93D56B-B7A5-5FB4-B78D-A6CAA40372AF}.Debug|Any CPU.ActiveCfg = Debug|Any CPU
		{FC93D56B-B7A5-5FB4-B78D-A6CAA40372AF}.Debug|Any CPU.Build.0 = Debug|Any CPU
		{FC93D56B-B7A5-5FB4-B78D-A6CAA40372AF}.Release|Any CPU.ActiveCfg = Release|Any CPU
		{FC93D56B-B7A5-5FB4-B78D-A6CAA40372AF}.Release|Any CPU.Build.0 = Release|Any CPU
		{379D517B-1C57-55A8-858E-3D80EF0BE71E}.Debug|Any CPU.ActiveCfg = Debug|Any CPU
		{379D517B-1C57-55A8-858E-3D80EF0BE71E}.Debug|Any CPU.Build.0 = Debug|Any CPU
		{379D517B-1C57-55A8-858E-3D80EF0BE71E}.Release|Any CPU.ActiveCfg = Release|Any CPU
		{379D517B-1C57-55A8-858E-3D80EF0BE71E}.Release|Any CPU.Build.0 = Release|Any CPU
		{9B036CAE-8E4D-538E-88CC-7A593F8F9438}.Debug|Any CPU.ActiveCfg = Debug|Any CPU
		{9B036CAE-8E4D-538E-88CC-7A593F8F9438}.Debug|Any CPU.Build.0 = Debug|Any CPU
		{9B036CAE-8E4D-538E-88CC-7A593F8F9438}.Release|Any CPU.ActiveCfg = Release|Any CPU
		{9B036CAE-8E4D-538E-88CC-7A593F8F9438}.Release|Any CPU.Build.0 = Release|Any CPU
	EndGlobalSection
	GlobalSection(SolutionProperties) = preSolution
		HideSolutionNode = FALSE
	EndGlobalSection
	GlobalSection(NestedProjects) = preSolution
		{E9B24481-43F3-5CC8-B6F4-E4F6AEF18228} = {34D61E78-8C73-5320-8E9D-66571DD05681}
		{183B6DDB-60E2-56D2-8DE2-B82A4AF193C3} = {34D61E78-8C73-5320-8E9D-66571DD05681}
		{157A9D88-77B0-5EF7-BE97-510ACD737157} = {34D61E78-8C73-5320-8E9D-66571DD05681}
		{C897D34C-D920-51D0-8273-E0867CCD47C3} = {34D61E78-8C73-5320-8E9D-66571DD05681}
		{02661FA0-B3EF-5AFC-A255-5184CE66FAA3} = {34D61E78-8C73-5320-8E9D-66571DD05681}
		{EF456D2F-AE71-5DB5-AE59-C5B6F2E2B362} = {34D61E78-8C73-5320-8E9D-66571DD05681}
		{D399F282-13A9-50CB-A576-7B31A8712F06} = {34D61E78-8C73-5320-8E9D-66571DD05681}
		{84583B62-B685-5D38-831C-2FBF6FDCD294} = {34D61E78-8C73-5320-8E9D-66571DD05681}
		{AEF68BAD-6068-503A-A03C-5A248D54FBFA} = {34D61E78-8C73-5320-8E9D-66571DD05681}
		{0ADCA506-B328-5DB0-924F-911F26747508} = {34D61E78-8C73-5320-8E9D-66571DD05681}
		{4D30A76E-819D-5C2C-B920-D914EB423E43} = {34D61E78-8C73-5320-8E9D-66571DD05681}
		{3BB3E331-2176-55F3-96D9-00757D6DDCF0} = {34D61E78-8C73-5320-8E9D-66571DD05681}
		{A3C487A8-DAF7-534C-A823-62609224E15B} = {34D61E78-8C73-5320-8E9D-66571DD05681}
		{FC93D56B-B7A5-5FB4-B78D-A6CAA40372AF} = {6680480A-6991-59BE-B5B7-2EA328F05698}
		{379D517B-1C57-55A8-858E-3D80EF0BE71E} = {6680480A-6991-59BE-B5B7-2EA328F05698}
		{9B036CAE-8E4D-538E-88CC-7A593F8F9438} = {6680480A-6991-59BE-B5B7-2EA328F05698}
	EndGlobalSection
EndGlobal
