
Microsoft Visual Studio Solution File, Format Version 12.00
# Visual Studio Version 17
VisualStudioVersion = 17.0.31903.59
MinimumVisualStudioVersion = 10.0.40219.1
Project("{2150E333-8FDC-42A3-9474-1A3956D46DE8}") = "src", "src", "{34D61E78-8C73-5320-8E9D-66571DD05681}"
EndProject
Project("{2150E333-8FDC-42A3-9474-1A3956D46DE8}") = "tests", "tests", "{6680480A-6991-59BE-B5B7-2EA328F05698}"
EndProject
Project("{9A19103F-16F7-4668-BE54-9A1E7A4F7556}") = "Pinqponq.Auth.Sso.Abstractions", "src\Pinqponq.Auth.Sso.Abstractions\Pinqponq.Auth.Sso.Abstractions.csproj", "{E9B24481-43F3-5CC8-B6F4-E4F6AEF18228}"
EndProject
Project("{9A19103F-16F7-4668-BE54-9A1E7A4F7556}") = "Pinqponq.Auth.Sso.Google", "src\Pinqponq.Auth.Sso.Google\Pinqponq.Auth.Sso.Google.csproj", "{183B6DDB-60E2-56D2-8DE2-B82A4AF193C3}"
EndProject
Project("{9A19103F-16F7-4668-BE54-9A1E7A4F7556}") = "Pinqponq.Auth.Totp", "src\Pinqponq.Auth.Totp\Pinqponq.Auth.Totp.csproj", "{157A9D88-77B0-5EF7-BE97-510ACD737157}"
EndProject
Project("{9A19103F-16F7-4668-BE54-9A1E7A4F7556}") = "Pinqponq.Cache", "src\Pinqponq.Cache\Pinqponq.Cache.csproj", "{C897D34C-D920-51D0-8273-E0867CCD47C3}"
EndProject
Project("{9A19103F-16F7-4668-BE54-9A1E7A4F7556}") = "Pinqponq.Database.Mongo", "src\Pinqponq.Database.Mongo\Pinqponq.Database.Mongo.csproj", "{02661FA0-B3EF-5AFC-A255-5184CE66FAA3}"
EndProject
Project("{9A19103F-16F7-4668-BE54-9A1E7A4F7556}") = "Pinqponq.Database.Mssql", "src\Pinqponq.Database.Mssql\Pinqponq.Database.Mssql.csproj", "{EF456D2F-AE71-5DB5-AE59-C5B6F2E2B362}"
EndProject
Project("{9A19103F-16F7-4668-BE54-9A1E7A4F7556}") = "Pinqponq.Database.Postgres", "src\Pinqponq.Database.Postgres\Pinqponq.Database.Postgres.csproj", "{D399F282-13A9-50CB-A576-7B31A8712F06}"
EndProject
Project("{9A19103F-16F7-4668-BE54-9A1E7A4F7556}") = "Pinqponq.ErrorHandling", "src\Pinqponq.ErrorHandling\Pinqponq.ErrorHandling.csproj", "{84583B62-B685-5D38-831C-2FBF6FDCD294}"
EndProject
Project("{9A19103F-16F7-4668-BE54-9A1E7A4F7556}") = "Pinqponq.Identity.Otp", "src\Pinqponq.Identity.Otp\Pinqponq.Identity.Otp.csproj", "{AEF68BAD-6068-503A-A03C-5A248D54FBFA}"
EndProject
Project("{9A19103F-16F7-4668-BE54-9A1E7A4F7556}") = "Pinqponq.Identity", "src\Pinqponq.Identity\Pinqponq.Identity.csproj", "{0ADCA506-B328-5DB0-924F-911F26747508}"
EndProject
Project("{9A19103F-16F7-4668-BE54-9A1E7A4F7556}") = "Pinqponq.Mail", "src\Pinqponq.Mail\Pinqponq.Mail.csproj", "{4D30A76E-819D-5C2C-B920-D914EB423E43}"
EndProject
Project("{9A19103F-16F7-4668-BE54-9A1E7A4F7556}") = "Pinqponq.Messaging.RabbitMq", "src\Pinqponq.Messaging.RabbitMq\Pinqponq.Messaging.RabbitMq.csproj", "{3BB3E331-2176-55F3-96D9-00757D6DDCF0}"
EndProject
Project("{9A19103F-16F7-4668-BE54-9A1E7A4F7556}") = "Pinqponq.Sms", "src\Pinqponq.Sms\Pinqponq.Sms.csproj", "{A3C487A8-DAF7-534C-A823-62609224E15B}"
EndProject
Project("{9A19103F-16F7-4668-BE54-9A1E7A4F7556}") = "Pinqponq.Auth.Totp.Tests", "tests\Pinqponq.Auth.Totp.Tests\Pinqponq.Auth.Totp.Tests.csproj", "{FC93D56B-B7A5-5FB4-B78D-A6CAA40372AF}"
EndProject
Project("{9A19103F-16F7-4668-BE54-9A1E7A4F7556}") = "Pinqponq.Identity.Otp.Tests", "tests\Pinqponq.Identity.Otp.Tests\Pinqponq.Identity.Otp.Tests.csproj", "{379D517B-1C57-55A8-858E-3D80EF0BE71E}"
EndProject
Project("{9A19103F-16F7-4668-BE54-9A1E7A4F7556}") = "Pinqponq.Identity.Tests", "tests\Pinqponq.Identity.Tests\Pinqponq.Identity.Tests.csproj", "{9B036CAE-8E4D-538E-88CC-7A593F8F9438}"
EndProject
Project("{FAE04EC0-301F-11D3-BF4B-00C04F79EFBC}") = "Pinqponq.TestSupport", "tests\Pinqponq.TestSupport\Pinqponq.TestSupport.csproj", "{B1472394-9080-4E32-81D5-3A8E420690AA}"
EndProject
Project("{FAE04EC0-301F-11D3-BF4B-00C04F79EFBC}") = "Pinqponq.Cache.Tests", "tests\Pinqponq.Cache.Tests\Pinqponq.Cache.Tests.csproj", "{77C3DFA1-340F-413F-8EDB-DFD0BBD084EE}"
EndProject
Project("{FAE04EC0-301F-11D3-BF4B-00C04F79EFBC}") = "Pinqponq.Messaging.RabbitMq.Tests", "tests\Pinqponq.Messaging.RabbitMq.Tests\Pinqponq.Messaging.RabbitMq.Tests.csproj", "{77B440F5-2BDE-465F-A48F-867351B5AE7A}"
EndProject
Project("{FAE04EC0-301F-11D3-BF4B-00C04F79EFBC}") = "Pinqponq.Database.Postgres.Tests", "tests\Pinqponq.Database.Postgres.Tests\Pinqponq.Database.Postgres.Tests.csproj", "{8ED5E789-F692-4193-91C4-0B04D86C8F0E}"
EndProject
Project("{FAE04EC0-301F-11D3-BF4B-00C04F79EFBC}") = "Pinqponq.Database.Mongo.Tests", "tests\Pinqponq.Database.Mongo.Tests\Pinqponq.Database.Mongo.Tests.csproj", "{A5471FC2-3447-42E8-AEB0-984279151E37}"
EndProject
Project("{FAE04EC0-301F-11D3-BF4B-00C04F79EFBC}") = "Pinqponq.Database.Mssql.Tests", "tests\Pinqponq.Database.Mssql.Tests\Pinqponq.Database.Mssql.Tests.csproj", "{7BF1AAB1-A253-4817-B8F0-A0905881A2F8}"
EndProject
Project("{FAE04EC0-301F-11D3-BF4B-00C04F79EFBC}") = "Pinqponq.Sms.Tests", "tests\Pinqponq.Sms.Tests\Pinqponq.Sms.Tests.csproj", "{F0B655A3-31E8-4A3B-8F64-EE81551F40F8}"
EndProject
Project("{FAE04EC0-301F-11D3-BF4B-00C04F79EFBC}") = "Pinqponq.Mail.Tests", "tests\Pinqponq.Mail.Tests\Pinqponq.Mail.Tests.csproj", "{0D647B46-EC38-41DB-933A-6307B6BDCF7F}"
EndProject
Project("{FAE04EC0-301F-11D3-BF4B-00C04F79EFBC}") = "Pinqponq.ErrorHandling.Tests", "tests\Pinqponq.ErrorHandling.Tests\Pinqponq.ErrorHandling.Tests.csproj", "{67FED629-AB56-457C-9D12-8433A13EEA96}"
EndProject
Project("{FAE04EC0-301F-11D3-BF4B-00C04F79EFBC}") = "Pinqponq.Auth.Sso.Abstractions.Tests", "tests\Pinqponq.Auth.Sso.Abstractions.Tests\Pinqponq.Auth.Sso.Abstractions.Tests.csproj", "{363CE6EA-EFB4-4678-92D1-947DF92540E8}"
EndProject
Project("{FAE04EC0-301F-11D3-BF4B-00C04F79EFBC}") = "Pinqponq.Auth.Sso.Google.Tests", "tests\Pinqponq.Auth.Sso.Google.Tests\Pinqponq.Auth.Sso.Google.Tests.csproj", "{396D1148-AA55-43A8-9CC1-0C1A02B0A567}"
EndProject
Global
	GlobalSection(SolutionConfigurationPlatforms) = preSolution
		Debug|Any CPU = Debug|Any CPU
		Debug|x64 = Debug|x64
		Debug|x86 = Debug|x86
		Release|Any CPU = Release|Any CPU
		Release|x64 = Release|x64
		Release|x86 = Release|x86
	EndGlobalSection
	GlobalSection(ProjectConfigurationPlatforms) = postSolution
		{E9B24481-43F3-5CC8-B6F4-E4F6AEF18228}.Debug|Any CPU.ActiveCfg = Debug|Any CPU
		{E9B24481-43F3-5CC8-B6F4-E4F6AEF18228}.Debug|Any CPU.Build.0 = Debug|Any CPU
		{E9B24481-43F3-5CC8-B6F4-E4F6AEF18228}.Debug|x64.ActiveCfg = Debug|Any CPU
		{E9B24481-43F3-5CC8-B6F4-E4F6AEF18228}.Debug|x64.Build.0 = Debug|Any CPU
		{E9B24481-43F3-5CC8-B6F4-E4F6AEF18228}.Debug|x86.ActiveCfg = Debug|Any CPU
		{E9B24481-43F3-5CC8-B6F4-E4F6AEF18228}.Debug|x86.Build.0 = Debug|Any CPU
		{E9B24481-43F3-5CC8-B6F4-E4F6AEF18228}.Release|Any CPU.ActiveCfg = Release|Any CPU
		{E9B24481-43F3-5CC8-B6F4-E4F6AEF18228}.Release|Any CPU.Build.0 = Release|Any CPU
		{E9B24481-43F3-5CC8-B6F4-E4F6AEF18228}.Release|x64.ActiveCfg = Release|Any CPU
		{E9B24481-43F3-5CC8-B6F4-E4F6AEF18228}.Release|x64.Build.0 = Release|Any CPU
		{E9B24481-43F3-5CC8-B6F4-E4F6AEF18228}.Release|x86.ActiveCfg = Release|Any CPU
		{E9B24481-43F3-5CC8-B6F4-E4F6AEF18228}.Release|x86.Build.0 = Release|Any CPU
		{183B6DDB-60E2-56D2-8DE2-B82A4AF193C3}.Debug|Any CPU.ActiveCfg = Debug|Any CPU
		{183B6DDB-60E2-56D2-8DE2-B82A4AF193C3}.Debug|Any CPU.Build.0 = Debug|Any CPU
		{183B6DDB-60E2-56D2-8DE2-B82A4AF193C3}.Debug|x64.ActiveCfg = Debug|Any CPU
		{183B6DDB-60E2-56D2-8DE2-B82A4AF193C3}.Debug|x64.Build.0 = Debug|Any CPU
		{183B6DDB-60E2-56D2-8DE2-B82A4AF193C3}.Debug|x86.ActiveCfg = Debug|Any CPU
		{183B6DDB-60E2-56D2-8DE2-B82A4AF193C3}.Debug|x86.Build.0 = Debug|Any CPU
		{183B6DDB-60E2-56D2-8DE2-B82A4AF193C3}.Release|Any CPU.ActiveCfg = Release|Any CPU
		{183B6DDB-60E2-56D2-8DE2-B82A4AF193C3}.Release|Any CPU.Build.0 = Release|Any CPU
		{183B6DDB-60E2-56D2-8DE2-B82A4AF193C3}.Release|x64.ActiveCfg = Release|Any CPU
		{183B6DDB-60E2-56D2-8DE2-B82A4AF193C3}.Release|x64.Build.0 = Release|Any CPU
		{183B6DDB-60E2-56D2-8DE2-B82A4AF193C3}.Release|x86.ActiveCfg = Release|Any CPU
		{183B6DDB-60E2-56D2-8DE2-B82A4AF193C3}.Release|x86.Build.0 = Release|Any CPU
		{157A9D88-77B0-5EF7-BE97-510ACD737157}.Debug|Any CPU.ActiveCfg = Debug|Any CPU
		{157A9D88-77B0-5EF7-BE97-510ACD737157}.Debug|Any CPU.Build.0 = Debug|Any CPU
		{157A9D88-77B0-5EF7-BE97-510ACD737157}.Debug|x64.ActiveCfg = Debug|Any CPU
		{157A9D88-77B0-5EF7-BE97-510ACD737157}.Debug|x64.Build.0 = Debug|Any CPU
		{157A9D88-77B0-5EF7-BE97-510ACD737157}.Debug|x86.ActiveCfg = Debug|Any CPU
		{157A9D88-77B0-5EF7-BE97-510ACD737157}.Debug|x86.Build.0 = Debug|Any CPU
		{157A9D88-77B0-5EF7-BE97-510ACD737157}.Release|Any CPU.ActiveCfg = Release|Any CPU
		{157A9D88-77B0-5EF7-BE97-510ACD737157}.Release|Any CPU.Build.0 = Release|Any CPU
		{157A9D88-77B0-5EF7-BE97-510ACD737157}.Release|x64.ActiveCfg = Release|Any CPU
		{157A9D88-77B0-5EF7-BE97-510ACD737157}.Release|x64.Build.0 = Release|Any CPU
		{157A9D88-77B0-5EF7-BE97-510ACD737157}.Release|x86.ActiveCfg = Release|Any CPU
		{157A9D88-77B0-5EF7-BE97-510ACD737157}.Release|x86.Build.0 = Release|Any CPU
		{C897D34C-D920-51D0-8273-E0867CCD47C3}.Debug|Any CPU.ActiveCfg = Debug|Any CPU
		{C897D34C-D920-51D0-8273-E0867CCD47C3}.Debug|Any CPU.Build.0 = Debug|Any CPU
		{C897D34C-D920-51D0-8273-E0867CCD47C3}.Debug|x64.ActiveCfg = Debug|Any CPU
		{C897D34C-D920-51D0-8273-E0867CCD47C3}.Debug|x64.Build.0 = Debug|Any CPU
		{C897D34C-D920-51D0-8273-E0867CCD47C3}.Debug|x86.ActiveCfg = Debug|Any CPU
		{C897D34C-D920-51D0-8273-E0867CCD47C3}.Debug|x86.Build.0 = Debug|Any CPU
		{C897D34C-D920-51D0-8273-E0867CCD47C3}.Release|Any CPU.ActiveCfg = Release|Any CPU
		{C897D34C-D920-51D0-8273-E0867CCD47C3}.Release|Any CPU.Build.0 = Release|Any CPU
		{C897D34C-D920-51D0-8273-E0867CCD47C3}.Release|x64.ActiveCfg = Release|Any CPU
		{C897D34C-D920-51D0-8273-E0867CCD47C3}.Release|x64.Build.0 = Release|Any CPU
		{C897D34C-D920-51D0-8273-E0867CCD47C3}.Release|x86.ActiveCfg = Release|Any CPU
		{C897D34C-D920-51D0-8273-E0867CCD47C3}.Release|x86.Build.0 = Release|Any CPU
		{02661FA0-B3EF-5AFC-A255-5184CE66FAA3}.Debug|Any CPU.ActiveCfg = Debug|Any CPU
		{02661FA0-B3EF-5AFC-A255-5184CE66FAA3}.Debug|Any CPU.Build.0 = Debug|Any CPU
		{02661FA0-B3EF-5AFC-A255-5184CE66FAA3}.Debug|x64.ActiveCfg = Debug|Any CPU
		{02661FA0-B3EF-5AFC-A255-5184CE66FAA3}.Debug|x64.Build.0 = Debug|Any CPU
		{02661FA0-B3EF-5AFC-A255-5184CE66FAA3}.Debug|x86.ActiveCfg = Debug|Any CPU
		{02661FA0-B3EF-5AFC-A255-5184CE66FAA3}.Debug|x86.Build.0 = Debug|Any CPU
		{02661FA0-B3EF-5AFC-A255-5184CE66FAA3}.Release|Any CPU.ActiveCfg = Release|Any CPU
		{02661FA0-B3EF-5AFC-A255-5184CE66FAA3}.Release|Any CPU.Build.0 = Release|Any CPU
		{02661FA0-B3EF-5AFC-A255-5184CE66FAA3}.Release|x64.ActiveCfg = Release|Any CPU
		{02661FA0-B3EF-5AFC-A255-5184CE66FAA3}.Release|x64.Build.0 = Release|Any CPU
		{02661FA0-B3EF-5AFC-A255-5184CE66FAA3}.Release|x86.ActiveCfg = Release|Any CPU
		{02661FA0-B3EF-5AFC-A255-5184CE66FAA3}.Release|x86.Build.0 = Release|Any CPU
		{EF456D2F-AE71-5DB5-AE59-C5B6F2E2B362}.Debug|Any CPU.ActiveCfg = Debug|Any CPU
		{EF456D2F-AE71-5DB5-AE59-C5B6F2E2B362}.Debug|Any CPU.Build.0 = Debug|Any CPU
		{EF456D2F-AE71-5DB5-AE59-C5B6F2E2B362}.Debug|x64.ActiveCfg = Debug|Any CPU
		{EF456D2F-AE71-5DB5-AE59-C5B6F2E2B362}.Debug|x64.Build.0 = Debug|Any CPU
		{EF456D2F-AE71-5DB5-AE59-C5B6F2E2B362}.Debug|x86.ActiveCfg = Debug|Any CPU
		{EF456D2F-AE71-5DB5-AE59-C5B6F2E2B362}.Debug|x86.Build.0 = Debug|Any CPU
		{EF456D2F-AE71-5DB5-AE59-C5B6F2E2B362}.Release|Any CPU.ActiveCfg = Release|Any CPU
		{EF456D2F-AE71-5DB5-AE59-C5B6F2E2B362}.Release|Any CPU.Build.0 = Release|Any CPU
		{EF456D2F-AE71-5DB5-AE59-C5B6F2E2B362}.Release|x64.ActiveCfg = Release|Any CPU
		{EF456D2F-AE71-5DB5-AE59-C5B6F2E2B362}.Release|x64.Build.0 = Release|Any CPU
		{EF456D2F-AE71-5DB5-AE59-C5B6F2E2B362}.Release|x86.ActiveCfg = Release|Any CPU
		{EF456D2F-AE71-5DB5-AE59-C5B6F2E2B362}.Release|x86.Build.0 = Release|Any CPU
		{D399F282-13A9-50CB-A576-7B31A8712F06}.Debug|Any CPU.ActiveCfg = Debug|Any CPU
		{D399F282-13A9-50CB-A576-7B31A8712F06}.Debug|Any CPU.Build.0 = Debug|Any CPU
		{D399F282-13A9-50CB-A576-7B31A8712F06}.Debug|x64.ActiveCfg = Debug|Any CPU
		{D399F282-13A9-50CB-A576-7B31A8712F06}.Debug|x64.Build.0 = Debug|Any CPU
		{D399F282-13A9-50CB-A576-7B31A8712F06}.Debug|x86.ActiveCfg = Debug|Any CPU
		{D399F282-13A9-50CB-A576-7B31A8712F06}.Debug|x86.Build.0 = Debug|Any CPU
		{D399F282-13A9-50CB-A576-7B31A8712F06}.Release|Any CPU.ActiveCfg = Release|Any CPU
		{D399F282-13A9-50CB-A576-7B31A8712F06}.Release|Any CPU.Build.0 = Release|Any CPU
		{D399F282-13A9-50CB-A576-7B31A8712F06}.Release|x64.ActiveCfg = Release|Any CPU
		{D399F282-13A9-50CB-A576-7B31A8712F06}.Release|x64.Build.0 = Release|Any CPU
		{D399F282-13A9-50CB-A576-7B31A8712F06}.Release|x86.ActiveCfg = Release|Any CPU
		{D399F282-13A9-50CB-A576-7B31A8712F06}.Release|x86.Build.0 = Release|Any CPU
		{84583B62-B685-5D38-831C-2FBF6FDCD294}.Debug|Any CPU.ActiveCfg = Debug|Any CPU
		{84583B62-B685-5D38-831C-2FBF6FDCD294}.Debug|Any CPU.Build.0 = Debug|Any CPU
		{84583B62-B685-5D38-831C-2FBF6FDCD294}.Debug|x64.ActiveCfg = Debug|Any CPU
		{84583B62-B685-5D38-831C-2FBF6FDCD294}.Debug|x64.Build.0 = Debug|Any CPU
		{84583B62-B685-5D38-831C-2FBF6FDCD294}.Debug|x86.ActiveCfg = Debug|Any CPU
		{84583B62-B685-5D38-831C-2FBF6FDCD294}.Debug|x86.Build.0 = Debug|Any CPU
		{84583B62-B685-5D38-831C-2FBF6FDCD294}.Release|Any CPU.ActiveCfg = Release|Any CPU
		{84583B62-B685-5D38-831C-2FBF6FDCD294}.Release|Any CPU.Build.0 = Release|Any CPU
		{84583B62-B685-5D38-831C-2FBF6FDCD294}.Release|x64.ActiveCfg = Release|Any CPU
		{84583B62-B685-5D38-831C-2FBF6FDCD294}.Release|x64.Build.0 = Release|Any CPU
		{84583B62-B685-5D38-831C-2FBF6FDCD294}.Release|x86.ActiveCfg = Release|Any CPU
		{84583B62-B685-5D38-831C-2FBF6FDCD294}.Release|x86.Build.0 = Release|Any CPU
		{AEF68BAD-6068-503A-A03C-5A248D54FBFA}.Debug|Any CPU.ActiveCfg = Debug|Any CPU
		{AEF68BAD-6068-503A-A03C-5A248D54FBFA}.Debug|Any CPU.Build.0 = Debug|Any CPU
		{AEF68BAD-6068-503A-A03C-5A248D54FBFA}.Debug|x64.ActiveCfg = Debug|Any CPU
		{AEF68BAD-6068-503A-A03C-5A248D54FBFA}.Debug|x64.Build.0 = Debug|Any CPU
		{AEF68BAD-6068-503A-A03C-5A248D54FBFA}.Debug|x86.ActiveCfg = Debug|Any CPU
		{AEF68BAD-6068-503A-A03C-5A248D54FBFA}.Debug|x86.Build.0 = Debug|Any CPU
		{AEF68BAD-6068-503A-A03C-5A248D54FBFA}.Release|Any CPU.ActiveCfg = Release|Any CPU
		{AEF68BAD-6068-503A-A03C-5A248D54FBFA}.Release|Any CPU.Build.0 = Release|Any CPU
		{AEF68BAD-6068-503A-A03C-5A248D54FBFA}.Release|x64.ActiveCfg = Release|Any CPU
		{AEF68BAD-6068-503A-A03C-5A248D54FBFA}.Release|x64.Build.0 = Release|Any CPU
		{AEF68BAD-6068-503A-A03C-5A248D54FBFA}.Release|x86.ActiveCfg = Release|Any CPU
		{AEF68BAD-6068-503A-A03C-5A248D54FBFA}.Release|x86.Build.0 = Release|Any CPU
		{0ADCA506-B328-5DB0-924F-911F26747508}.Debug|Any CPU.ActiveCfg = Debug|Any CPU
		{0ADCA506-B328-5DB0-924F-911F26747508}.Debug|Any CPU.Build.0 = Debug|Any CPU
		{0ADCA506-B328-5DB0-924F-911F26747508}.Debug|x64.ActiveCfg = Debug|Any CPU
		{0ADCA506-B328-5DB0-924F-911F26747508}.Debug|x64.Build.0 = Debug|Any CPU
		{0ADCA506-B328-5DB0-924F-911F26747508}.Debug|x86.ActiveCfg = Debug|Any CPU
		{0ADCA506-B328-5DB0-924F-911F26747508}.Debug|x86.Build.0 = Debug|Any CPU
		{0ADCA506-B328-5DB0-924F-911F26747508}.Release|Any CPU.ActiveCfg = Release|Any CPU
		{0ADCA506-B328-5DB0-924F-911F26747508}.Release|Any CPU.Build.0 = Release|Any CPU
		{0ADCA506-B328-5DB0-924F-911F26747508}.Release|x64.ActiveCfg = Release|Any CPU
		{0ADCA506-B328-5DB0-924F-911F26747508}.Release|x64.Build.0 = Release|Any CPU
		{0ADCA506-B328-5DB0-924F-911F26747508}.Release|x86.ActiveCfg = Release|Any CPU
		{0ADCA506-B328-5DB0-924F-911F26747508}.Release|x86.Build.0 = Release|Any CPU
		{4D30A76E-819D-5C2C-B920-D914EB423E43}.Debug|Any CPU.ActiveCfg = Debug|Any CPU
		{4D30A76E-819D-5C2C-B920-D914EB423E43}.Debug|Any CPU.Build.0 = Debug|Any CPU
		{4D30A76E-819D-5C2C-B920-D914EB423E43}.Debug|x64.ActiveCfg = Debug|Any CPU
		{4D30A76E-819D-5C2C-B920-D914EB423E43}.Debug|x64.Build.0 = Debug|Any CPU
		{4D30A76E-819D-5C2C-B920-D914EB423E43}.Debug|x86.ActiveCfg = Debug|Any CPU
		{4D30A76E-819D-5C2C-B920-D914EB423E43}.Debug|x86.Build.0 = Debug|Any CPU
		{4D30A76E-819D-5C2C-B920-D914EB423E43}.Release|Any CPU.ActiveCfg = Release|Any CPU
		{4D30A76E-819D-5C2C-B920-D914EB423E43}.Release|Any CPU.Build.0 = Release|Any CPU
		{4D30A76E-819D-5C2C-B920-D914EB423E43}.Release|x64.ActiveCfg = Release|Any CPU
		{4D30A76E-819D-5C2C-B920-D914EB423E43}.Release|x64.Build.0 = Release|Any CPU
		{4D30A76E-819D-5C2C-B920-D914EB423E43}.Release|x86.ActiveCfg = Release|Any CPU
		{4D30A76E-819D-5C2C-B920-D914EB423E43}.Release|x86.Build.0 = Release|Any CPU
		{3BB3E331-2176-55F3-96D9-00757D6DDCF0}.Debug|Any CPU.ActiveCfg = Debug|Any CPU
		{3BB3E331-2176-55F3-96D9-00757D6DDCF0}.Debug|Any CPU.Build.0 = Debug|Any CPU
		{3BB3E331-2176-55F3-96D9-00757D6DDCF0}.Debug|x64.ActiveCfg = Debug|Any CPU
		{3BB3E331-2176-55F3-96D9-00757D6DDCF0}.Debug|x64.Build.0 = Debug|Any CPU
		{3BB3E331-2176-55F3-96D9-00757D6DDCF0}.Debug|x86.ActiveCfg = Debug|Any CPU
		{3BB3E331-2176-55F3-96D9-00757D6DDCF0}.Debug|x86.Build.0 = Debug|Any CPU
		{3BB3E331-2176-55F3-96D9-00757D6DDCF0}.Release|Any CPU.ActiveCfg = Release|Any CPU
		{3BB3E331-2176-55F3-96D9-00757D6DDCF0}.Release|Any CPU.Build.0 = Release|Any CPU
		{3BB3E331-2176-55F3-96D9-00757D6DDCF0}.Release|x64.ActiveCfg = Release|Any CPU
		{3BB3E331-2176-55F3-96D9-00757D6DDCF0}.Release|x64.Build.0 = Release|Any CPU
		{3BB3E331-2176-55F3-96D9-00757D6DDCF0}.Release|x86.ActiveCfg = Release|Any CPU
		{3BB3E331-2176-55F3-96D9-00757D6DDCF0}.Release|x86.Build.0 = Release|Any CPU
		{A3C487A8-DAF7-534C-A823-62609224E15B}.Debug|Any CPU.ActiveCfg = Debug|Any CPU
		{A3C487A8-DAF7-534C-A823-62609224E15B}.Debug|Any CPU.Build.0 = Debug|Any CPU
		{A3C487A8-DAF7-534C-A823-62609224E15B}.Debug|x64.ActiveCfg = Debug|Any CPU
		{A3C487A8-DAF7-534C-A823-62609224E15B}.Debug|x64.Build.0 = Debug|Any CPU
		{A3C487A8-DAF7-534C-A823-62609224E15B}.Debug|x86.ActiveCfg = Debug|Any CPU
		{A3C487A8-DAF7-534C-A823-62609224E15B}.Debug|x86.Build.0 = Debug|Any CPU
		{A3C487A8-DAF7-534C-A823-62609224E15B}.Release|Any CPU.ActiveCfg = Release|Any CPU
		{A3C487A8-DAF7-534C-A823-62609224E15B}.Release|Any CPU.Build.0 = Release|Any CPU
		{A3C487A8-DAF7-534C-A823-62609224E15B}.Release|x64.ActiveCfg = Release|Any CPU
		{A3C487A8-DAF7-534C-A823-62609224E15B}.Release|x64.Build.0 = Release|Any CPU
		{A3C487A8-DAF7-534C-A823-62609224E15B}.Release|x86.ActiveCfg = Release|Any CPU
		{A3C487A8-DAF7-534C-A823-62609224E15B}.Release|x86.Build.0 = Release|Any CPU
		{FC93D56B-B7A5-5FB4-B78D-A6CAA40372AF}.Debug|Any CPU.ActiveCfg = Debug|Any CPU
		{FC93D56B-B7A5-5FB4-B78D-A6CAA40372AF}.Debug|Any CPU.Build.0 = Debug|Any CPU
		{FC93D56B-B7A5-5FB4-B78D-A6CAA40372AF}.Debug|x64.ActiveCfg = Debug|Any CPU
		{FC93D56B-B7A5-5FB4-B78D-A6CAA40372AF}.Debug|x64.Build.0 = Debug|Any CPU
		{FC93D56B-B7A5-5FB4-B78D-A6CAA40372AF}.Debug|x86.ActiveCfg = Debug|Any CPU
		{FC93D56B-B7A5-5FB4-B78D-A6CAA40372AF}.Debug|x86.Build.0 = Debug|Any CPU
		{FC93D56B-B7A5-5FB4-B78D-A6CAA40372AF}.Release|Any CPU.ActiveCfg = Release|Any CPU
		{FC93D56B-B7A5-5FB4-B78D-A6CAA40372AF}.Release|Any CPU.Build.0 = Release|Any CPU
		{FC93D56B-B7A5-5FB4-B78D-A6CAA40372AF}.Release|x64.ActiveCfg = Release|Any CPU
		{FC93D56B-B7A5-5FB4-B78D-A6CAA40372AF}.Release|x64.Build.0 = Release|Any CPU
		{FC93D56B-B7A5-5FB4-B78D-A6CAA40372AF}.Release|x86.ActiveCfg = Release|Any CPU
		{FC93D56B-B7A5-5FB4-B78D-A6CAA40372AF}.Release|x86.Build.0 = Release|Any CPU
		{379D517B-1C57-55A8-858E-3D80EF0BE71E}.Debug|Any CPU.ActiveCfg = Debug|Any CPU
		{379D517B-1C57-55A8-858E-3D80EF0BE71E}.Debug|Any CPU.Build.0 = Debug|Any CPU
		{379D517B-1C57-55A8-858E-3D80EF0BE71E}.Debug|x64.ActiveCfg = Debug|Any CPU
		{379D517B-1C57-55A8-858E-3D80EF0BE71E}.Debug|x64.Build.0 = Debug|Any CPU
		{379D517B-1C57-55A8-858E-3D80EF0BE71E}.Debug|x86.ActiveCfg = Debug|Any CPU
		{379D517B-1C57-55A8-858E-3D80EF0BE71E}.Debug|x86.Build.0 = Debug|Any CPU
		{379D517B-1C57-55A8-858E-3D80EF0BE71E}.Release|Any CPU.ActiveCfg = Release|Any CPU
		{379D517B-1C57-55A8-858E-3D80EF0BE71E}.Release|Any CPU.Build.0 = Release|Any CPU
		{379D517B-1C57-55A8-858E-3D80EF0BE71E}.Release|x64.ActiveCfg = Release|Any CPU
		{379D517B-1C57-55A8-858E-3D80EF0BE71E}.Release|x64.Build.0 = Release|Any CPU
		{379D517B-1C57-55A8-858E-3D80EF0BE71E}.Release|x86.ActiveCfg = Release|Any CPU
		{379D517B-1C57-55A8-858E-3D80EF0BE71E}.Release|x86.Build.0 = Release|Any CPU
		{9B036CAE-8E4D-538E-88CC-7A593F8F9438}.Debug|Any CPU.ActiveCfg = Debug|Any CPU
		{9B036CAE-8E4D-538E-88CC-7A593F8F9438}.Debug|Any CPU.Build.0 = Debug|Any CPU
		{9B036CAE-8E4D-538E-88CC-7A593F8F9438}.Debug|x64.ActiveCfg = Debug|Any CPU
		{9B036CAE-8E4D-538E-88CC-7A593F8F9438}.Debug|x64.Build.0 = Debug|Any CPU
		{9B036CAE-8E4D-538E-88CC-7A593F8F9438}.Debug|x86.ActiveCfg = Debug|Any CPU
		{9B036CAE-8E4D-538E-88CC-7A593F8F9438}.Debug|x86.Build.0 = Debug|Any CPU
		{9B036CAE-8E4D-538E-88CC-7A593F8F9438}.Release|Any CPU.ActiveCfg = Release|Any CPU
		{9B036CAE-8E4D-538E-88CC-7A593F8F9438}.Release|Any CPU.Build.0 = Release|Any CPU
		{9B036CAE-8E4D-538E-88CC-7A593F8F9438}.Release|x64.ActiveCfg = Release|Any CPU
		{9B036CAE-8E4D-538E-88CC-7A593F8F9438}.Release|x64.Build.0 = Release|Any CPU
		{9B036CAE-8E4D-538E-88CC-7A593F8F9438}.Release|x86.ActiveCfg = Release|Any CPU
		{9B036CAE-8E4D-538E-88CC-7A593F8F9438}.Release|x86.Build.0 = Release|Any CPU
		{B1472394-9080-4E32-81D5-3A8E420690AA}.Debug|Any CPU.ActiveCfg = Debug|Any CPU
		{B1472394-9080-4E32-81D5-3A8E420690AA}.Debug|Any CPU.Build.0 = Debug|Any CPU
		{B1472394-9080-4E32-81D5-3A8E420690AA}.Debug|x64.ActiveCfg = Debug|Any CPU
		{B1472394-9080-4E32-81D5-3A8E420690AA}.Debug|x64.Build.0 = Debug|Any CPU
		{B1472394-9080-4E32-81D5-3A8E420690AA}.Debug|x86.ActiveCfg = Debug|Any CPU
		{B1472394-9080-4E32-81D5-3A8E420690AA}.Debug|x86.Build.0 = Debug|Any CPU
		{B1472394-9080-4E32-81D5-3A8E420690AA}.Release|Any CPU.ActiveCfg = Release|Any CPU
		{B1472394-9080-4E32-81D5-3A8E420690AA}.Release|Any CPU.Build.0 = Release|Any CPU
		{B1472394-9080-4E32-81D5-3A8E420690AA}.Release|x64.ActiveCfg = Release|Any CPU
		{B1472394-9080-4E32-81D5-3A8E420690AA}.Release|x64.Build.0 = Release|Any CPU
		{B1472394-9080-4E32-81D5-3A8E420690AA}.Release|x86.ActiveCfg = Release|Any CPU
		{B1472394-9080-4E32-81D5-3A8E420690AA}.Release|x86.Build.0 = Release|Any CPU
		{77C3DFA1-340F-413F-8EDB-DFD0BBD084EE}.Debug|Any CPU.ActiveCfg = Debug|Any CPU
		{77C3DFA1-340F-413F-8EDB-DFD0BBD084EE}.Debug|Any CPU.Build.0 = Debug|Any CPU
		{77C3DFA1-340F-413F-8EDB-DFD0BBD084EE}.Debug|x64.ActiveCfg = Debug|Any CPU
		{77C3DFA1-340F-413F-8EDB-DFD0BBD084EE}.Debug|x64.Build.0 = Debug|Any CPU
		{77C3DFA1-340F-413F-8EDB-DFD0BBD084EE}.Debug|x86.ActiveCfg = Debug|Any CPU
		{77C3DFA1-340F-413F-8EDB-DFD0BBD084EE}.Debug|x86.Build.0 = Debug|Any CPU
		{77C3DFA1-340F-413F-8EDB-DFD0BBD084EE}.Release|Any CPU.ActiveCfg = Release|Any CPU
		{77C3DFA1-340F-413F-8EDB-DFD0BBD084EE}.Release|Any CPU.Build.0 = Release|Any CPU
		{77C3DFA1-340F-413F-8EDB-DFD0BBD084EE}.Release|x64.ActiveCfg = Release|Any CPU
		{77C3DFA1-340F-413F-8EDB-DFD0BBD084EE}.Release|x64.Build.0 = Release|Any CPU
		{77C3DFA1-340F-413F-8EDB-DFD0BBD084EE}.Release|x86.ActiveCfg = Release|Any CPU
		{77C3DFA1-340F-413F-8EDB-DFD0BBD084EE}.Release|x86.Build.0 = Release|Any CPU
		{77B440F5-2BDE-465F-A48F-867351B5AE7A}.Debug|Any CPU.ActiveCfg = Debug|Any CPU
		{77B440F5-2BDE-465F-A48F-867351B5AE7A}.Debug|Any CPU.Build.0 = Debug|Any CPU
		{77B440F5-2BDE-465F-A48F-867351B5AE7A}.Debug|x64.ActiveCfg = Debug|Any CPU
		{77B440F5-2BDE-465F-A48F-867351B5AE7A}.Debug|x64.Build.0 = Debug|Any CPU
		{77B440F5-2BDE-465F-A48F-867351B5AE7A}.Debug|x86.ActiveCfg = Debug|Any CPU
		{77B440F5-2BDE-465F-A48F-867351B5AE7A}.Debug|x86.Build.0 = Debug|Any CPU
		{77B440F5-2BDE-465F-A48F-867351B5AE7A}.Release|Any CPU.ActiveCfg = Release|Any CPU
		{77B440F5-2BDE-465F-A48F-867351B5AE7A}.Release|Any CPU.Build.0 = Release|Any CPU
		{77B440F5-2BDE-465F-A48F-867351B5AE7A}.Release|x64.ActiveCfg = Release|Any CPU
		{77B440F5-2BDE-465F-A48F-867351B5AE7A}.Release|x64.Build.0 = Release|Any CPU
		{77B440F5-2BDE-465F-A48F-867351B5AE7A}.Release|x86.ActiveCfg = Release|Any CPU
		{77B440F5-2BDE-465F-A48F-867351B5AE7A}.Release|x86.Build.0 = Release|Any CPU
		{8ED5E789-F692-4193-91C4-0B04D86C8F0E}.Debug|Any CPU.ActiveCfg = Debug|Any CPU
		{8ED5E789-F692-4193-91C4-0B04D86C8F0E}.Debug|Any CPU.Build.0 = Debug|Any CPU
		{8ED5E789-F692-4193-91C4-0B04D86C8F0E}.Debug|x64.ActiveCfg = Debug|Any CPU
		{8ED5E789-F692-4193-91C4-0B04D86C8F0E}.Debug|x64.Build.0 = Debug|Any CPU
		{8ED5E789-F692-4193-91C4-0B04D86C8F0E}.Debug|x86.ActiveCfg = Debug|Any CPU
		{8ED5E789-F692-4193-91C4-0B04D86C8F0E}.Debug|x86.Build.0 = Debug|Any CPU
		{8ED5E789-F692-4193-91C4-0B04D86C8F0E}.Release|Any CPU.ActiveCfg = Release|Any CPU
		{8ED5E789-F692-4193-91C4-0B04D86C8F0E}.Release|Any CPU.Build.0 = Release|Any CPU
		{8ED5E789-F692-4193-91C4-0B04D86C8F0E}.Release|x64.ActiveCfg = Release|Any CPU
		{8ED5E789-F692-4193-91C4-0B04D86C8F0E}.Release|x64.Build.0 = Release|Any CPU
		{8ED5E789-F692-4193-91C4-0B04D86C8F0E}.Release|x86.ActiveCfg = Release|Any CPU
		{8ED5E789-F692-4193-91C4-0B04D86C8F0E}.Release|x86.Build.0 = Release|Any CPU
		{A5471FC2-3447-42E8-AEB0-984279151E37}.Debug|Any CPU.ActiveCfg = Debug|Any CPU
		{A5471FC2-3447-42E8-AEB0-984279151E37}.Debug|Any CPU.Build.0 = Debug|Any CPU
		{A5471FC2-3447-42E8-AEB0-984279151E37}.Debug|x64.ActiveCfg = Debug|Any CPU
		{A5471FC2-3447-42E8-AEB0-984279151E37}.Debug|x64.Build.0 = Debug|Any CPU
		{A5471FC2-3447-42E8-AEB0-984279151E37}.Debug|x86.ActiveCfg = Debug|Any CPU
		{A5471FC2-3447-42E8-AEB0-984279151E37}.Debug|x86.Build.0 = Debug|Any CPU
		{A5471FC2-3447-42E8-AEB0-984279151E37}.Release|Any CPU.ActiveCfg = Release|Any CPU
		{A5471FC2-3447-42E8-AEB0-984279151E37}.Release|Any CPU.Build.0 = Release|Any CPU
		{A5471FC2-3447-42E8-AEB0-984279151E37}.Release|x64.ActiveCfg = Release|Any CPU
		{A5471FC2-3447-42E8-AEB0-984279151E37}.Release|x64.Build.0 = Release|Any CPU
		{A5471FC2-3447-42E8-AEB0-984279151E37}.Release|x86.ActiveCfg = Release|Any CPU
		{A5471FC2-3447-42E8-AEB0-984279151E37}.Release|x86.Build.0 = Release|Any CPU
		{7BF1AAB1-A253-4817-B8F0-A0905881A2F8}.Debug|Any CPU.ActiveCfg = Debug|Any CPU
		{7BF1AAB1-A253-4817-B8F0-A0905881A2F8}.Debug|Any CPU.Build.0 = Debug|Any CPU
		{7BF1AAB1-A253-4817-B8F0-A0905881A2F8}.Debug|x64.ActiveCfg = Debug|Any CPU
		{7BF1AAB1-A253-4817-B8F0-A0905881A2F8}.Debug|x64.Build.0 = Debug|Any CPU
		{7BF1AAB1-A253-4817-B8F0-A0905881A2F8}.Debug|x86.ActiveCfg = Debug|Any CPU
		{7BF1AAB1-A253-4817-B8F0-A0905881A2F8}.Debug|x86.Build.0 = Debug|Any CPU
		{7BF1AAB1-A253-4817-B8F0-A0905881A2F8}.Release|Any CPU.ActiveCfg = Release|Any CPU
		{7BF1AAB1-A253-4817-B8F0-A0905881A2F8}.Release|Any CPU.Build.0 = Release|Any CPU
		{7BF1AAB1-A253-4817-B8F0-A0905881A2F8}.Release|x64.ActiveCfg = Release|Any CPU
		{7BF1AAB1-A253-4817-B8F0-A0905881A2F8}.Release|x64.Build.0 = Release|Any CPU
		{7BF1AAB1-A253-4817-B8F0-A0905881A2F8}.Release|x86.ActiveCfg = Release|Any CPU
		{7BF1AAB1-A253-4817-B8F0-A0905881A2F8}.Release|x86.Build.0 = Release|Any CPU
		{F0B655A3-31E8-4A3B-8F64-EE81551F40F8}.Debug|Any CPU.ActiveCfg = Debug|Any CPU
		{F0B655A3-31E8-4A3B-8F64-EE81551F40F8}.Debug|Any CPU.Build.0 = Debug|Any CPU
		{F0B655A3-31E8-4A3B-8F64-EE81551F40F8}.Debug|x64.ActiveCfg = Debug|Any CPU
		{F0B655A3-31E8-4A3B-8F64-EE81551F40F8}.Debug|x64.Build.0 = Debug|Any CPU
		{F0B655A3-31E8-4A3B-8F64-EE81551F40F8}.Debug|x86.ActiveCfg = Debug|Any CPU
		{F0B655A3-31E8-4A3B-8F64-EE81551F40F8}.Debug|x86.Build.0 = Debug|Any CPU
		{F0B655A3-31E8-4A3B-8F64-EE81551F40F8}.Release|Any CPU.ActiveCfg = Release|Any CPU
		{F0B655A3-31E8-4A3B-8F64-EE81551F40F8}.Release|Any CPU.Build.0 = Release|Any CPU
		{F0B655A3-31E8-4A3B-8F64-EE81551F40F8}.Release|x64.ActiveCfg = Release|Any CPU
		{F0B655A3-31E8-4A3B-8F64-EE81551F40F8}.Release|x64.Build.0 = Release|Any CPU
		{F0B655A3-31E8-4A3B-8F64-EE81551F40F8}.Release|x86.ActiveCfg = Release|Any CPU
		{F0B655A3-31E8-4A3B-8F64-EE81551F40F8}.Release|x86.Build.0 = Release|Any CPU
		{0D647B46-EC38-41DB-933A-6307B6BDCF7F}.Debug|Any CPU.ActiveCfg = Debug|Any CPU
		{0D647B46-EC38-41DB-933A-6307B6BDCF7F}.Debug|Any CPU.Build.0 = Debug|Any CPU
		{0D647B46-EC38-41DB-933A-6307B6BDCF7F}.Debug|x64.ActiveCfg = Debug|Any CPU
		{0D647B46-EC38-41DB-933A-6307B6BDCF7F}.Debug|x64.Build.0 = Debug|Any CPU
		{0D647B46-EC38-41DB-933A-6307B6BDCF7F}.Debug|x86.ActiveCfg = Debug|Any CPU
		{0D647B46-EC38-41DB-933A-6307B6BDCF7F}.Debug|x86.Build.0 = Debug|Any CPU
		{0D647B46-EC38-41DB-933A-6307B6BDCF7F}.Release|Any CPU.ActiveCfg = Release|Any CPU
		{0D647B46-EC38-41DB-933A-6307B6BDCF7F}.Release|Any CPU.Build.0 = Release|Any CPU
		{0D647B46-EC38-41DB-933A-6307B6BDCF7F}.Release|x64.ActiveCfg = Release|Any CPU
		{0D647B46-EC38-41DB-933A-6307B6BDCF7F}.Release|x64.Build.0 = Release|Any CPU
		{0D647B46-EC38-41DB-933A-6307B6BDCF7F}.Release|x86.ActiveCfg = Release|Any CPU
		{0D647B46-EC38-41DB-933A-6307B6BDCF7F}.Release|x86.Build.0 = Release|Any CPU
		{67FED629-AB56-457C-9D12-8433A13EEA96}.Debug|Any CPU.ActiveCfg = Debug|Any CPU
		{67FED629-AB56-457C-9D12-8433A13EEA96}.Debug|Any CPU.Build.0 = Debug|Any CPU
		{67FED629-AB56-457C-9D12-8433A13EEA96}.Debug|x64.ActiveCfg = Debug|Any CPU
		{67FED629-AB56-457C-9D12-8433A13EEA96}.Debug|x64.Build.0 = Debug|Any CPU
		{67FED629-AB56-457C-9D12-8433A13EEA96}.Debug|x86.ActiveCfg = Debug|Any CPU
		{67FED629-AB56-457C-9D12-8433A13EEA96}.Debug|x86.Build.0 = Debug|Any CPU
		{67FED629-AB56-457C-9D12-8433A13EEA96}.Release|Any CPU.ActiveCfg = Release|Any CPU
		{67FED629-AB56-457C-9D12-8433A13EEA96}.Release|Any CPU.Build.0 = Release|Any CPU
		{67FED629-AB56-457C-9D12-8433A13EEA96}.Release|x64.ActiveCfg = Release|Any CPU
		{67FED629-AB56-457C-9D12-8433A13EEA96}.Release|x64.Build.0 = Release|Any CPU
		{67FED629-AB56-457C-9D12-8433A13EEA96}.Release|x86.ActiveCfg = Release|Any CPU
		{67FED629-AB56-457C-9D12-8433A13EEA96}.Release|x86.Build.0 = Release|Any CPU
		{363CE6EA-EFB4-4678-92D1-947DF92540E8}.Debug|Any CPU.ActiveCfg = Debug|Any CPU
		{363CE6EA-EFB4-4678-92D1-947DF92540E8}.Debug|Any CPU.Build.0 = Debug|Any CPU
		{363CE6EA-EFB4-4678-92D1-947DF92540E8}.Debug|x64.ActiveCfg = Debug|Any CPU
		{363CE6EA-EFB4-4678-92D1-947DF92540E8}.Debug|x64.Build.0 = Debug|Any CPU
		{363CE6EA-EFB4-4678-92D1-947DF92540E8}.Debug|x86.ActiveCfg = Debug|Any CPU
		{363CE6EA-EFB4-4678-92D1-947DF92540E8}.Debug|x86.Build.0 = Debug|Any CPU
		{363CE6EA-EFB4-4678-92D1-947DF92540E8}.Release|Any CPU.ActiveCfg = Release|Any CPU
		{363CE6EA-EFB4-4678-92D1-947DF92540E8}.Release|Any CPU.Build.0 = Release|Any CPU
		{363CE6EA-EFB4-4678-92D1-947DF92540E8}.Release|x64.ActiveCfg = Release|Any CPU
		{363CE6EA-EFB4-4678-92D1-947DF92540E8}.Release|x64.Build.0 = Release|Any CPU
		{363CE6EA-EFB4-4678-92D1-947DF92540E8}.Release|x86.ActiveCfg = Release|Any CPU
		{363CE6EA-EFB4-4678-92D1-947DF92540E8}.Release|x86.Build.0 = Release|Any CPU
		{396D1148-AA55-43A8-9CC1-0C1A02B0A567}.Debug|Any CPU.ActiveCfg = Debug|Any CPU
		{396D1148-AA55-43A8-9CC1-0C1A02B0A567}.Debug|Any CPU.Build.0 = Debug|Any CPU
		{396D1148-AA55-43A8-9CC1-0C1A02B0A567}.Debug|x64.ActiveCfg = Debug|Any CPU
		{396D1148-AA55-43A8-9CC1-0C1A02B0A567}.Debug|x64.Build.0 = Debug|Any CPU
		{396D1148-AA55-43A8-9CC1-0C1A02B0A567}.Debug|x86.ActiveCfg = Debug|Any CPU
		{396D1148-AA55-43A8-9CC1-0C1A02B0A567}.Debug|x86.Build.0 = Debug|Any CPU
		{396D1148-AA55-43A8-9CC1-0C1A02B0A567}.Release|Any CPU.ActiveCfg = Release|Any CPU
		{396D1148-AA55-43A8-9CC1-0C1A02B0A567}.Release|Any CPU.Build.0 = Release|Any CPU
		{396D1148-AA55-43A8-9CC1-0C1A02B0A567}.Release|x64.ActiveCfg = Release|Any CPU
		{396D1148-AA55-43A8-9CC1-0C1A02B0A567}.Release|x64.Build.0 = Release|Any CPU
		{396D1148-AA55-43A8-9CC1-0C1A02B0A567}.Release|x86.ActiveCfg = Release|Any CPU
		{396D1148-AA55-43A8-9CC1-0C1A02B0A567}.Release|x86.Build.0 = Release|Any CPU
	EndGlobalSection
	GlobalSection(SolutionProperties) = preSolution
		HideSolutionNode = FALSE
	EndGlobalSection
	GlobalSection(NestedProjects) = preSolution
		{E9B24481-43F3-5CC8-B6F4-E4F6AEF18228} = {34D61E78-8C73-5320-8E9D-66571DD05681}
		{183B6DDB-60E2-56D2-8DE2-B82A4AF193C3} = {34D61E78-8C73-5320-8E9D-66571DD05681}
		{157A9D88-77B0-5EF7-BE97-510ACD737157} = {34D61E78-8C73-5320-8E9D-66571DD05681}
		{C897D34C-D920-51D0-8273-E0867CCD47C3} = {34D61E78-8C73-5320-8E9D-66571DD05681}
		{02661FA0-B3EF-5AFC-A255-5184CE66FAA3} = {34D61E78-8C73-5320-8E9D-66571DD05681}
		{EF456D2F-AE71-5DB5-AE59-C5B6F2E2B362} = {34D61E78-8C73-5320-8E9D-66571DD05681}
		{D399F282-13A9-50CB-A576-7B31A8712F06} = {34D61E78-8C73-5320-8E9D-66571DD05681}
		{84583B62-B685-5D38-831C-2FBF6FDCD294} = {34D61E78-8C73-5320-8E9D-66571DD05681}
		{AEF68BAD-6068-503A-A03C-5A248D54FBFA} = {34D61E78-8C73-5320-8E9D-66571DD05681}
		{0ADCA506-B328-5DB0-924F-911F26747508} = {34D61E78-8C73-5320-8E9D-66571DD05681}
		{4D30A76E-819D-5C2C-B920-D914EB423E43} = {34D61E78-8C73-5320-8E9D-66571DD05681}
		{3BB3E331-2176-55F3-96D9-00757D6DDCF0} = {34D61E78-8C73-5320-8E9D-66571DD05681}
		{A3C487A8-DAF7-534C-A823-62609224E15B} = {34D61E78-8C73-5320-8E9D-66571DD05681}
		{FC93D56B-B7A5-5FB4-B78D-A6CAA40372AF} = {6680480A-6991-59BE-B5B7-2EA328F05698}
		{379D517B-1C57-55A8-858E-3D80EF0BE71E} = {6680480A-6991-59BE-B5B7-2EA328F05698}
		{9B036CAE-8E4D-538E-88CC-7A593F8F9438} = {6680480A-6991-59BE-B5B7-2EA328F05698}
		{B1472394-9080-4E32-81D5-3A8E420690AA} = {6680480A-6991-59BE-B5B7-2EA328F05698}
		{77C3DFA1-340F-413F-8EDB-DFD0BBD084EE} = {6680480A-6991-59BE-B5B7-2EA328F05698}
		{77B440F5-2BDE-465F-A48F-867351B5AE7A} = {6680480A-6991-59BE-B5B7-2EA328F05698}
		{8ED5E789-F692-4193-91C4-0B04D86C8F0E} = {6680480A-6991-59BE-B5B7-2EA328F05698}
		{A5471FC2-3447-42E8-AEB0-984279151E37} = {6680480A-6991-59BE-B5B7-2EA328F05698}
		{7BF1AAB1-A253-4817-B8F0-A0905881A2F8} = {6680480A-6991-59BE-B5B7-2EA328F05698}
		{F0B655A3-31E8-4A3B-8F64-EE81551F40F8} = {6680480A-6991-59BE-B5B7-2EA328F05698}
		{0D647B46-EC38-41DB-933A-6307B6BDCF7F} = {6680480A-6991-59BE-B5B7-2EA328F05698}
		{67FED629-AB56-457C-9D12-8433A13EEA96} = {6680480A-6991-59BE-B5B7-2EA328F05698}
		{363CE6EA-EFB4-4678-92D1-947DF92540E8} = {6680480A-6991-59BE-B5B7-2EA328F05698}
		{396D1148-AA55-43A8-9CC1-0C1A02B0A567} = {6680480A-6991-59BE-B5B7-2EA328F05698}
	EndGlobalSection
EndGlobal
